
Microsoft Visual Studio Solution File, Format Version 12.00
# Visual Studio Version 16
VisualStudioVersion = 16.0.32602.291
MinimumVisualStudioVersion = 10.0.40219.1
Project("{FAE04EC0-301F-11D3-BF4B-00C04F79EFBC}") = "Patika_DevAlgoritma3", "Patika_DevAlgoritma3\Patika_DevAlgoritma3.csproj", "{9F9C1600-58FE-41BF-813C-7CF4B7A5AEAD}"
EndProject
Global
	GlobalSection(SolutionConfigurationPlatforms) = preSolution
		Debug|Any CPU = Debug|Any CPU
		Release|Any CPU = Release|Any CPU
	EndGlobalSection
	GlobalSection(ProjectConfigurationPlatforms) = postSolution
		{9F9C1600-58FE-41BF-813C-7CF4B7A5AEAD}.Debug|Any CPU.ActiveCfg = Debug|Any CPU
		{9F9C1600-58FE-41BF-813C-7CF4B7A5AEAD}.Debug|Any CPU.Build.0 = Debug|Any CPU
		{9F9C1600-58FE-41BF-813C-7CF4B7A5AEAD}.Release|Any CPU.ActiveCfg = Release|Any CPU
		{9F9C1600-58FE-41BF-813C-7CF4B7A5AEAD}.Release|Any CPU.Build.0 = Release|Any CPU
	EndGlobalSection
	GlobalSection(SolutionProperties) = preSolution
		HideSolutionNode = FALSE
	EndGlobalSection
	GlobalSection(ExtensibilityGlobals) = postSolution
		SolutionGuid = {7428236D-F187-431E-89C9-77162BD5E2E0}
	EndGlobalSection
EndGlobal
